
Microsoft Visual Studio Solution File, Format Version 12.00
# Visual Studio Version 17
VisualStudioVersion = 17.3.32901.215
MinimumVisualStudioVersion = 10.0.40219.1
Project("{FAE04EC0-301F-11D3-BF4B-00C04F79EFBC}") = "rehber-1575", "rehber-1575\rehber-1575.csproj", "{84DACD70-88CB-4CB8-B414-BAC68E87FF60}"
EndProject
Global
	GlobalSection(SolutionConfigurationPlatforms) = preSolution
		Debug|Any CPU = Debug|Any CPU
		Release|Any CPU = Release|Any CPU
	EndGlobalSection
	GlobalSection(ProjectConfigurationPlatforms) = postSolution
		{84DACD70-88CB-4CB8-B414-BAC68E87FF60}.Debug|Any CPU.ActiveCfg = Debug|Any CPU
		{84DACD70-88CB-4CB8-B414-BAC68E87FF60}.Debug|Any CPU.Build.0 = Debug|Any CPU
		{84DACD70-88CB-4CB8-B414-BAC68E87FF60}.Release|Any CPU.ActiveCfg = Release|Any CPU
		{84DACD70-88CB-4CB8-B414-BAC68E87FF60}.Release|Any CPU.Build.0 = Release|Any CPU
	EndGlobalSection
	GlobalSection(SolutionProperties) = preSolution
		HideSolutionNode = FALSE
	EndGlobalSection
	GlobalSection(ExtensibilityGlobals) = postSolution
		SolutionGuid = {BAEA4F31-EA09-468A-9025-08988F8EBE54}
	EndGlobalSection
EndGlobal
